
Microsoft Visual Studio Solution File, Format Version 12.00
# Visual Studio Version 16
VisualStudioVersion = 16.0.30011.22
MinimumVisualStudioVersion = 10.0.40219.1
Project("{FAE04EC0-301F-11D3-BF4B-00C04F79EFBC}") = "ForgeOverhaul", "ForgeOverhaul\ForgeOverhaul.csproj", "{6F45AD8A-2EA5-4526-B99F-A89E0E293BAD}"
EndProject
Global
	GlobalSection(SolutionConfigurationPlatforms) = preSolution
		Debug|Any CPU = Debug|Any CPU
		Release|Any CPU = Release|Any CPU
	EndGlobalSection
	GlobalSection(ProjectConfigurationPlatforms) = postSolution
		{6F45AD8A-2EA5-4526-B99F-A89E0E293BAD}.Debug|Any CPU.ActiveCfg = Debug|Any CPU
		{6F45AD8A-2EA5-4526-B99F-A89E0E293BAD}.Debug|Any CPU.Build.0 = Debug|Any CPU
		{6F45AD8A-2EA5-4526-B99F-A89E0E293BAD}.Release|Any CPU.ActiveCfg = Release|Any CPU
		{6F45AD8A-2EA5-4526-B99F-A89E0E293BAD}.Release|Any CPU.Build.0 = Release|Any CPU
	EndGlobalSection
	GlobalSection(SolutionProperties) = preSolution
		HideSolutionNode = FALSE
	EndGlobalSection
	GlobalSection(ExtensibilityGlobals) = postSolution
		SolutionGuid = {F0D002B4-1716-417B-B4CD-2B13FE1A492D}
	EndGlobalSection
EndGlobal
